{
  "name": "jeremiahsmith.dev",
  "lockfileVersion": 2,
  "requires": true,
  "packages": {
    "": {
      "dependencies": {
        "eo-typewriterjs": "^5.0.0"
      }
    },
    "node_modules/eo-typewriterjs": {
      "version": "5.0.0",
      "resolved": "https://registry.npmjs.org/eo-typewriterjs/-/eo-typewriterjs-5.0.0.tgz",
      "integrity": "sha512-ZtBTVfceQxDUl+8sQX2Yi57UvbRX4zsVdY4qzgX9asr3FO/sKHsQouPY5Gz/XwnWNcGwybAAfxVkuFhZmRU+8A=="
    }
  },
  "dependencies": {
    "eo-typewriterjs": {
      "version": "5.0.0",
      "resolved": "https://registry.npmjs.org/eo-typewriterjs/-/eo-typewriterjs-5.0.0.tgz",
      "integrity": "sha512-ZtBTVfceQxDUl+8sQX2Yi57UvbRX4zsVdY4qzgX9asr3FO/sKHsQouPY5Gz/XwnWNcGwybAAfxVkuFhZmRU+8A=="
    }
  }
}
